
Microsoft Visual Studio Solution File, Format Version 12.00
# Visual Studio Version 16
VisualStudioVersion = 16.0.33130.400
MinimumVisualStudioVersion = 10.0.40219.1
Project("{FAE04EC0-301F-11D3-BF4B-00C04F79EFBC}") = "WinFormsApp1", "WinFormsApp1\WinFormsApp1.csproj", "{21841A9A-4BE5-43C1-B6AF-DC5EB9980A71}"
EndProject
Global
	GlobalSection(SolutionConfigurationPlatforms) = preSolution
		Debug|Any CPU = Debug|Any CPU
		Release|Any CPU = Release|Any CPU
	EndGlobalSection
	GlobalSection(ProjectConfigurationPlatforms) = postSolution
		{21841A9A-4BE5-43C1-B6AF-DC5EB9980A71}.Debug|Any CPU.ActiveCfg = Debug|Any CPU
		{21841A9A-4BE5-43C1-B6AF-DC5EB9980A71}.Debug|Any CPU.Build.0 = Debug|Any CPU
		{21841A9A-4BE5-43C1-B6AF-DC5EB9980A71}.Release|Any CPU.ActiveCfg = Release|Any CPU
		{21841A9A-4BE5-43C1-B6AF-DC5EB9980A71}.Release|Any CPU.Build.0 = Release|Any CPU
	EndGlobalSection
	GlobalSection(SolutionProperties) = preSolution
		HideSolutionNode = FALSE
	EndGlobalSection
	GlobalSection(ExtensibilityGlobals) = postSolution
		SolutionGuid = {F596A367-B0BE-4422-970A-DEB22DA3F5F0}
	EndGlobalSection
EndGlobal
